
Microsoft Visual Studio Solution File, Format Version 12.00
# Visual Studio Version 16
VisualStudioVersion = 16.0.29418.71
MinimumVisualStudioVersion = 10.0.40219.1
Project("{8BC9CEB8-8B4A-11D0-8D11-00A0C91BC942}") = "Common", "Common\Common.vcxproj", "{7A22CD41-A2EE-49F0-8B06-E01B4526CA41}"
EndProject
Project("{8BC9CEB8-8B4A-11D0-8D11-00A0C91BC942}") = "VulkanRendering", "Plugins\VulkanRendering\VulkanRendering.vcxproj", "{D0E3E532-AB72-4A2F-AC71-517CE036195A}"
EndProject
Project("{8BC9CEB8-8B4A-11D0-8D11-00A0C91BC942}") = "VulkanTutorials", "VulkanModule\VulkanTutorials\VulkanTutorials.vcxproj", "{A65C04E6-E4B8-4CFA-BEB6-4CD46321E1F6}"
	ProjectSection(ProjectDependencies) = postProject
		{D0E3E532-AB72-4A2F-AC71-517CE036195A} = {D0E3E532-AB72-4A2F-AC71-517CE036195A}
		{7A22CD41-A2EE-49F0-8B06-E01B4526CA41} = {7A22CD41-A2EE-49F0-8B06-E01B4526CA41}
		{33A51DBA-6019-4EA9-AE76-E1EEE7198FF5} = {33A51DBA-6019-4EA9-AE76-E1EEE7198FF5}
	EndProjectSection
EndProject
Project("{8BC9CEB8-8B4A-11D0-8D11-00A0C91BC942}") = "GLTFLoader", "Plugins\GLTFLoader\GLTFLoader.vcxproj", "{33A51DBA-6019-4EA9-AE76-E1EEE7198FF5}"
EndProject
Global
	GlobalSection(SolutionConfigurationPlatforms) = preSolution
		Debug|x64 = Debug|x64
		Release|x64 = Release|x64
	EndGlobalSection
	GlobalSection(ProjectConfigurationPlatforms) = postSolution
		{7A22CD41-A2EE-49F0-8B06-E01B4526CA41}.Debug|x64.ActiveCfg = Debug|x64
		{7A22CD41-A2EE-49F0-8B06-E01B4526CA41}.Debug|x64.Build.0 = Debug|x64
		{7A22CD41-A2EE-49F0-8B06-E01B4526CA41}.Release|x64.ActiveCfg = Release|x64
		{7A22CD41-A2EE-49F0-8B06-E01B4526CA41}.Release|x64.Build.0 = Release|x64
		{D0E3E532-AB72-4A2F-AC71-517CE036195A}.Debug|x64.ActiveCfg = Debug|x64
		{D0E3E532-AB72-4A2F-AC71-517CE036195A}.Debug|x64.Build.0 = Debug|x64
		{D0E3E532-AB72-4A2F-AC71-517CE036195A}.Release|x64.ActiveCfg = Release|x64
		{D0E3E532-AB72-4A2F-AC71-517CE036195A}.Release|x64.Build.0 = Release|x64
		{A65C04E6-E4B8-4CFA-BEB6-4CD46321E1F6}.Debug|x64.ActiveCfg = Debug|x64
		{A65C04E6-E4B8-4CFA-BEB6-4CD46321E1F6}.Debug|x64.Build.0 = Debug|x64
		{A65C04E6-E4B8-4CFA-BEB6-4CD46321E1F6}.Release|x64.ActiveCfg = Release|x64
		{A65C04E6-E4B8-4CFA-BEB6-4CD46321E1F6}.Release|x64.Build.0 = Release|x64
		{33A51DBA-6019-4EA9-AE76-E1EEE7198FF5}.Debug|x64.ActiveCfg = Debug|x64
		{33A51DBA-6019-4EA9-AE76-E1EEE7198FF5}.Debug|x64.Build.0 = Debug|x64
		{33A51DBA-6019-4EA9-AE76-E1EEE7198FF5}.Release|x64.ActiveCfg = Release|x64
		{33A51DBA-6019-4EA9-AE76-E1EEE7198FF5}.Release|x64.Build.0 = Release|x64
	EndGlobalSection
	GlobalSection(SolutionProperties) = preSolution
		HideSolutionNode = FALSE
	EndGlobalSection
	GlobalSection(ExtensibilityGlobals) = postSolution
		SolutionGuid = {28397354-383B-4D5D-B8BE-A6498FC71C4C}
	EndGlobalSection
	GlobalSection(SubversionScc) = preSolution
		Svn-Managed = True
		Manager = AnkhSVN - Subversion Support for Visual Studio
	EndGlobalSection
EndGlobal
