<?xml version="1.0" encoding="utf-8"?>
<Project ToolsVersion="4.0" xmlns="http://schemas.microsoft.com/developer/msbuild/2003">
  <ItemGroup>
    <Filter Include="Source Files">
      <UniqueIdentifier>{4FC737F1-C7A5-4376-A066-2A32D752A2FF}</UniqueIdentifier>
      <Extensions>cpp;c;cc;cxx;def;odl;idl;hpj;bat;asm;asmx</Extensions>
    </Filter>
    <Filter Include="Header Files">
      <UniqueIdentifier>{93995380-89BD-4b04-88EB-625FBE52EBFB}</UniqueIdentifier>
      <Extensions>h;hh;hpp;hxx;hm;inl;inc;ipp;xsd</Extensions>
    </Filter>
    <Filter Include="Resource Files">
      <UniqueIdentifier>{67DA6AB6-F800-4c08-8B7A-83BB121AAD01}</UniqueIdentifier>
      <Extensions>rc;ico;cur;bmp;dlg;rc2;rct;bin;rgs;gif;jpg;jpeg;jpe;resx;tiff;tif;png;wav;mfcribbon-ms</Extensions>
    </Filter>
    <Filter Include="Shaders">
      <UniqueIdentifier>{338b2859-7e67-470e-90e9-6cc08addcdc5}</UniqueIdentifier>
    </Filter>
    <Filter Include="Shaders\Deferred">
      <UniqueIdentifier>{c75bf3fd-5769-4d6c-b89a-73992372d3b2}</UniqueIdentifier>
    </Filter>
    <Filter Include="Shaders\Shadow Mapping">
      <UniqueIdentifier>{f4197f60-f6ac-4db3-872b-77a5df32e4c7}</UniqueIdentifier>
    </Filter>
  </ItemGroup>
  <ItemGroup>
    <ClInclude Include="BasicDescriptorRenderer.h">
      <Filter>Header Files</Filter>
    </ClInclude>
    <ClInclude Include="BasicGeometryRenderer.h">
      <Filter>Header Files</Filter>
    </ClInclude>
    <ClInclude Include="BasicMultiPassRenderer.h">
      <Filter>Header Files</Filter>
    </ClInclude>
    <ClInclude Include="BasicPushConstantRenderer.h">
      <Filter>Header Files</Filter>
    </ClInclude>
    <ClInclude Include="BasicTexturingRenderer.h">
      <Filter>Header Files</Filter>
    </ClInclude>
    <ClInclude Include="BasicUniformBufferRenderer.h">
      <Filter>Header Files</Filter>
    </ClInclude>
    <ClInclude Include="BasicMultiPipelineRenderer.h">
      <Filter>Header Files</Filter>
    </ClInclude>
    <ClInclude Include="PrerecordedCmdListRenderer.h">
      <Filter>Header Files</Filter>
    </ClInclude>
    <ClInclude Include="VulkanTutorialRenderer.h">
      <Filter>Header Files</Filter>
    </ClInclude>
    <ClInclude Include="ShadowmappingExample.h">
      <Filter>Header Files</Filter>
    </ClInclude>
    <ClInclude Include="PostProcessingExample.h">
      <Filter>Header Files</Filter>
    </ClInclude>
    <ClInclude Include="LightingExample.h">
      <Filter>Header Files</Filter>
    </ClInclude>
    <ClInclude Include="DeferredExample.h">
      <Filter>Header Files</Filter>
    </ClInclude>
    <ClInclude Include="BasicComputeUsage.h">
      <Filter>Header Files</Filter>
    </ClInclude>
    <ClInclude Include="Precompiled.h">
      <Filter>Header Files</Filter>
    </ClInclude>
    <ClInclude Include="TestRayTrace.h">
      <Filter>Header Files</Filter>
    </ClInclude>
    <ClInclude Include="GLTFExample.h">
      <Filter>Header Files</Filter>
    </ClInclude>
    <ClInclude Include="MultiViewportExample.h">
      <Filter>Header Files</Filter>
    </ClInclude>
    <ClInclude Include="BasicSkinningExample.h">
      <Filter>Header Files</Filter>
    </ClInclude>
    <ClInclude Include="CubeMapRenderer.h">
      <Filter>Header Files</Filter>
    </ClInclude>
    <ClInclude Include="resource.h">
      <Filter>Header Files</Filter>
    </ClInclude>
  </ItemGroup>
  <ItemGroup>
    <ClCompile Include="BasicDescriptorRenderer.cpp">
      <Filter>Source Files</Filter>
    </ClCompile>
    <ClCompile Include="BasicGeometryRenderer.cpp">
      <Filter>Source Files</Filter>
    </ClCompile>
    <ClCompile Include="BasicMultiPassRenderer.cpp">
      <Filter>Source Files</Filter>
    </ClCompile>
    <ClCompile Include="BasicPushConstantRenderer.cpp">
      <Filter>Source Files</Filter>
    </ClCompile>
    <ClCompile Include="BasicTexturingRenderer.cpp">
      <Filter>Source Files</Filter>
    </ClCompile>
    <ClCompile Include="BasicUniformBufferRenderer.cpp">
      <Filter>Source Files</Filter>
    </ClCompile>
    <ClCompile Include="VulkanMain.cpp">
      <Filter>Source Files</Filter>
    </ClCompile>
    <ClCompile Include="BasicMultiPipelineRenderer.cpp">
      <Filter>Source Files</Filter>
    </ClCompile>
    <ClCompile Include="PrerecordedCmdListRenderer.cpp">
      <Filter>Source Files</Filter>
    </ClCompile>
    <ClCompile Include="VulkanTutorialRenderer.cpp">
      <Filter>Source Files</Filter>
    </ClCompile>
    <ClCompile Include="ShadowmappingExample.cpp">
      <Filter>Source Files</Filter>
    </ClCompile>
    <ClCompile Include="PostProcessingExample.cpp">
      <Filter>Source Files</Filter>
    </ClCompile>
    <ClCompile Include="LightingExample.cpp">
      <Filter>Source Files</Filter>
    </ClCompile>
    <ClCompile Include="DeferredExample.cpp">
      <Filter>Source Files</Filter>
    </ClCompile>
    <ClCompile Include="BasicComputeUsage.cpp">
      <Filter>Source Files</Filter>
    </ClCompile>
    <ClCompile Include="Precompiled.cpp">
      <Filter>Source Files</Filter>
    </ClCompile>
    <ClCompile Include="TestRayTrace.cpp">
      <Filter>Source Files</Filter>
    </ClCompile>
    <ClCompile Include="GLTFExample.cpp">
      <Filter>Source Files</Filter>
    </ClCompile>
    <ClCompile Include="MultiViewportExample.cpp">
      <Filter>Source Files</Filter>
    </ClCompile>
    <ClCompile Include="BasicSkinningExample.cpp">
      <Filter>Source Files</Filter>
    </ClCompile>
    <ClCompile Include="CubeMapRenderer.cpp">
      <Filter>Source Files</Filter>
    </ClCompile>
  </ItemGroup>
  <ItemGroup>
    <CustomBuild Include="..\..\Assets\Shaders\VK\BasicDescriptor.frag">
      <Filter>Shaders</Filter>
    </CustomBuild>
    <CustomBuild Include="..\..\Assets\Shaders\VK\BasicDescriptor.vert">
      <Filter>Shaders</Filter>
    </CustomBuild>
    <CustomBuild Include="..\..\Assets\Shaders\VK\BasicGeometry.frag">
      <Filter>Shaders</Filter>
    </CustomBuild>
    <CustomBuild Include="..\..\Assets\Shaders\VK\BasicGeometry.vert">
      <Filter>Shaders</Filter>
    </CustomBuild>
    <CustomBuild Include="..\..\Assets\Shaders\VK\BasicPushConstant.frag">
      <Filter>Shaders</Filter>
    </CustomBuild>
    <CustomBuild Include="..\..\Assets\Shaders\VK\BasicPushConstant.vert">
      <Filter>Shaders</Filter>
    </CustomBuild>
    <CustomBuild Include="..\..\Assets\Shaders\VK\BasicTexturing.frag">
      <Filter>Shaders</Filter>
    </CustomBuild>
    <CustomBuild Include="..\..\Assets\Shaders\VK\BasicTexturing.vert">
      <Filter>Shaders</Filter>
    </CustomBuild>
    <CustomBuild Include="..\..\Assets\Shaders\VK\BasicUniformBuffer.frag">
      <Filter>Shaders</Filter>
    </CustomBuild>
    <CustomBuild Include="..\..\Assets\Shaders\VK\BasicUniformBuffer.vert">
      <Filter>Shaders</Filter>
    </CustomBuild>
    <CustomBuild Include="..\..\Assets\Shaders\VK\SingleTexture.frag">
      <Filter>Shaders</Filter>
    </CustomBuild>
    <CustomBuild Include="..\..\Assets\Shaders\VK\SolidColour.frag">
      <Filter>Shaders</Filter>
    </CustomBuild>
    <CustomBuild Include="..\..\Assets\Shaders\VK\tri.frag">
      <Filter>Shaders</Filter>
    </CustomBuild>
    <CustomBuild Include="..\..\Assets\Shaders\VK\tri.vert">
      <Filter>Shaders</Filter>
    </CustomBuild>
    <CustomBuild Include="..\..\Assets\Shaders\VK\PostProcess.frag">
      <Filter>Shaders</Filter>
    </CustomBuild>
    <CustomBuild Include="..\..\Assets\Shaders\VK\PostProcess.vert">
      <Filter>Shaders</Filter>
    </CustomBuild>
    <CustomBuild Include="..\..\Assets\Shaders\VK\SimpleVertexTransform.vert">
      <Filter>Shaders</Filter>
    </CustomBuild>
    <CustomBuild Include="..\..\Assets\Shaders\VK\Lighting.vert">
      <Filter>Shaders</Filter>
    </CustomBuild>
    <CustomBuild Include="..\..\Assets\Shaders\VK\Lighting.frag">
      <Filter>Shaders</Filter>
    </CustomBuild>
    <CustomBuild Include="..\..\Assets\Shaders\VK\DeferredCombine.frag">
      <Filter>Shaders\Deferred</Filter>
    </CustomBuild>
    <CustomBuild Include="..\..\Assets\Shaders\VK\DeferredCombine.vert">
      <Filter>Shaders\Deferred</Filter>
    </CustomBuild>
    <CustomBuild Include="..\..\Assets\Shaders\VK\DeferredLight.frag">
      <Filter>Shaders\Deferred</Filter>
    </CustomBuild>
    <CustomBuild Include="..\..\Assets\Shaders\VK\DeferredLight.vert">
      <Filter>Shaders\Deferred</Filter>
    </CustomBuild>
    <CustomBuild Include="..\..\Assets\Shaders\VK\DeferredScene.frag">
      <Filter>Shaders\Deferred</Filter>
    </CustomBuild>
    <CustomBuild Include="..\..\Assets\Shaders\VK\DeferredScene.vert">
      <Filter>Shaders\Deferred</Filter>
    </CustomBuild>
    <CustomBuild Include="..\..\Assets\Shaders\VK\ShadowFill.frag">
      <Filter>Shaders\Shadow Mapping</Filter>
    </CustomBuild>
    <CustomBuild Include="..\..\Assets\Shaders\VK\ShadowFill.vert">
      <Filter>Shaders\Shadow Mapping</Filter>
    </CustomBuild>
    <CustomBuild Include="..\..\Assets\Shaders\VK\ShadowUse.frag">
      <Filter>Shaders\Shadow Mapping</Filter>
    </CustomBuild>
    <CustomBuild Include="..\..\Assets\Shaders\VK\ShadowUse.vert">
      <Filter>Shaders\Shadow Mapping</Filter>
    </CustomBuild>
    <CustomBuild Include="..\..\Assets\Shaders\VK\BasicCompute.comp">
      <Filter>Shaders</Filter>
    </CustomBuild>
    <CustomBuild Include="..\..\Assets\Shaders\VK\BasicCompute.frag">
      <Filter>Shaders</Filter>
    </CustomBuild>
    <CustomBuild Include="..\..\Assets\Shaders\VK\BasicCompute.vert">
      <Filter>Shaders</Filter>
    </CustomBuild>
    <CustomBuild Include="..\..\Assets\Shaders\VK\cubemapObject.vert">
      <Filter>Shaders</Filter>
    </CustomBuild>
    <CustomBuild Include="..\..\Assets\Shaders\VK\cubemapObject.frag">
      <Filter>Shaders</Filter>
    </CustomBuild>
    <CustomBuild Include="..\..\Assets\Shaders\VK\skybox.vert">
      <Filter>Shaders</Filter>
    </CustomBuild>
    <CustomBuild Include="..\..\Assets\Shaders\VK\skybox.frag">
      <Filter>Shaders</Filter>
    </CustomBuild>
    <CustomBuild Include="..\..\Assets\Shaders\VK\BasicSkinning.vert">
      <Filter>Shaders</Filter>
    </CustomBuild>
  </ItemGroup>
  <ItemGroup>
    <ResourceCompile Include="VulkanTutorials.rc">
      <Filter>Resource Files</Filter>
    </ResourceCompile>
  </ItemGroup>
</Project>